
Microsoft Visual Studio Solution File, Format Version 12.00
# Visual Studio Version 16
VisualStudioVersion = 16.0.29926.136
MinimumVisualStudioVersion = 10.0.40219.1
Project("{FAE04EC0-301F-11D3-BF4B-00C04F79EFBC}") = "AGFRP", "AGFRP\AGFRP.csproj", "{41EC9810-F28B-43A1-A3A9-C25C6ADD707D}"
EndProject
Global
	GlobalSection(SolutionConfigurationPlatforms) = preSolution
		Debug|Any CPU = Debug|Any CPU
		Release|Any CPU = Release|Any CPU
	EndGlobalSection
	GlobalSection(ProjectConfigurationPlatforms) = postSolution
		{41EC9810-F28B-43A1-A3A9-C25C6ADD707D}.Debug|Any CPU.ActiveCfg = Debug|Any CPU
		{41EC9810-F28B-43A1-A3A9-C25C6ADD707D}.Debug|Any CPU.Build.0 = Debug|Any CPU
		{41EC9810-F28B-43A1-A3A9-C25C6ADD707D}.Release|Any CPU.ActiveCfg = Release|Any CPU
		{41EC9810-F28B-43A1-A3A9-C25C6ADD707D}.Release|Any CPU.Build.0 = Release|Any CPU
	EndGlobalSection
	GlobalSection(SolutionProperties) = preSolution
		HideSolutionNode = FALSE
	EndGlobalSection
	GlobalSection(ExtensibilityGlobals) = postSolution
		SolutionGuid = {3E7304B7-8EFD-46A0-9D6B-387F130EF2D6}
	EndGlobalSection
EndGlobal
