
Microsoft Visual Studio Solution File, Format Version 12.00
# Visual Studio 15
VisualStudioVersion = 15.0.28307.757
MinimumVisualStudioVersion = 10.0.40219.1
Project("{FAE04EC0-301F-11D3-BF4B-00C04F79EFBC}") = "DFMLEditor", "DFMLEditor\DFMLEditor.csproj", "{1FA2ADA3-AEEF-438A-B3A7-8C80998DD5A1}"
EndProject
Global
	GlobalSection(SolutionConfigurationPlatforms) = preSolution
		Debug|Any CPU = Debug|Any CPU
		Release|Any CPU = Release|Any CPU
	EndGlobalSection
	GlobalSection(ProjectConfigurationPlatforms) = postSolution
		{1FA2ADA3-AEEF-438A-B3A7-8C80998DD5A1}.Debug|Any CPU.ActiveCfg = Debug|Any CPU
		{1FA2ADA3-AEEF-438A-B3A7-8C80998DD5A1}.Debug|Any CPU.Build.0 = Debug|Any CPU
		{1FA2ADA3-AEEF-438A-B3A7-8C80998DD5A1}.Release|Any CPU.ActiveCfg = Release|Any CPU
		{1FA2ADA3-AEEF-438A-B3A7-8C80998DD5A1}.Release|Any CPU.Build.0 = Release|Any CPU
	EndGlobalSection
	GlobalSection(SolutionProperties) = preSolution
		HideSolutionNode = FALSE
	EndGlobalSection
	GlobalSection(ExtensibilityGlobals) = postSolution
		SolutionGuid = {142FDF8E-688D-4510-B902-8583BB7D2B04}
	EndGlobalSection
EndGlobal
